// !$*UTF8*$!
{
	archiveVersion = 1;
	classes = {
	};
	objectVersion = 56;
	objects = {

/* Begin PBXBuildFile section */
		97E0E499297E503D00125F60 /* TCA_TodosWithCoreDataApp.swift in Sources */ = {isa = PBXBuildFile; fileRef = 97E0E498297E503D00125F60 /* TCA_TodosWithCoreDataApp.swift */; };
		97E0E49D297E503E00125F60 /* Assets.xcassets in Resources */ = {isa = PBXBuildFile; fileRef = 97E0E49C297E503E00125F60 /* Assets.xcassets */; };
		97E0E4A0297E503E00125F60 /* Preview Assets.xcassets in Resources */ = {isa = PBXBuildFile; fileRef = 97E0E49F297E503E00125F60 /* Preview Assets.xcassets */; };
		97E0E4A2297E503E00125F60 /* CoreData.swift in Sources */ = {isa = PBXBuildFile; fileRef = 97E0E4A1297E503E00125F60 /* CoreData.swift */; };
		97E0E4A5297E503E00125F60 /* TodoItem.xcdatamodeld in Sources */ = {isa = PBXBuildFile; fileRef = 97E0E4A3297E503E00125F60 /* TodoItem.xcdatamodeld */; };
		97E0E4AF297E503F00125F60 /* TCA_TodosWithCoreDataTests.swift in Sources */ = {isa = PBXBuildFile; fileRef = 97E0E4AE297E503F00125F60 /* TCA_TodosWithCoreDataTests.swift */; };
		97E0E4B9297E503F00125F60 /* TCA_TodosWithCoreDataUITests.swift in Sources */ = {isa = PBXBuildFile; fileRef = 97E0E4B8297E503F00125F60 /* TCA_TodosWithCoreDataUITests.swift */; };
		97E0E4BB297E503F00125F60 /* TCA_TodosWithCoreDataUITestsLaunchTests.swift in Sources */ = {isa = PBXBuildFile; fileRef = 97E0E4BA297E503F00125F60 /* TCA_TodosWithCoreDataUITestsLaunchTests.swift */; };
		97E0E4C9297E506D00125F60 /* ComposableArchitecture in Frameworks */ = {isa = PBXBuildFile; productRef = 97E0E4C8297E506D00125F60 /* ComposableArchitecture */; };
		97E0E4CB297E508400125F60 /* Todo.swift in Sources */ = {isa = PBXBuildFile; fileRef = 97E0E4CA297E508400125F60 /* Todo.swift */; };
		97E0E4CD297E554F00125F60 /* Todos.swift in Sources */ = {isa = PBXBuildFile; fileRef = 97E0E4CC297E554F00125F60 /* Todos.swift */; };
		97E0E4D1297E7E7600125F60 /* AppView.swift in Sources */ = {isa = PBXBuildFile; fileRef = 97E0E4D0297E7E7600125F60 /* AppView.swift */; };
		97E0E4D3297E82B900125F60 /* CoreDataProvider.swift in Sources */ = {isa = PBXBuildFile; fileRef = 97E0E4D2297E82B900125F60 /* CoreDataProvider.swift */; };
		97E0E4D6297ECB1F00125F60 /* TodoItem+instance.swift in Sources */ = {isa = PBXBuildFile; fileRef = 97E0E4D5297ECB1F00125F60 /* TodoItem+instance.swift */; };
		97E0E4D8297ECBA000125F60 /* TodoClient.swift in Sources */ = {isa = PBXBuildFile; fileRef = 97E0E4D7297ECBA000125F60 /* TodoClient.swift */; };
/* End PBXBuildFile section */

/* Begin PBXContainerItemProxy section */
		97E0E4AB297E503F00125F60 /* PBXContainerItemProxy */ = {
			isa = PBXContainerItemProxy;
			containerPortal = 97E0E48D297E503D00125F60 /* Project object */;
			proxyType = 1;
			remoteGlobalIDString = 97E0E494297E503D00125F60;
			remoteInfo = "TCA-TodosWithCoreData";
		};
		97E0E4B5297E503F00125F60 /* PBXContainerItemProxy */ = {
			isa = PBXContainerItemProxy;
			containerPortal = 97E0E48D297E503D00125F60 /* Project object */;
			proxyType = 1;
			remoteGlobalIDString = 97E0E494297E503D00125F60;
			remoteInfo = "TCA-TodosWithCoreData";
		};
/* End PBXContainerItemProxy section */

/* Begin PBXFileReference section */
		97E0E495297E503D00125F60 /* TCA-TodosWithCoreData.app */ = {isa = PBXFileReference; explicitFileType = wrapper.application; includeInIndex = 0; path = "TCA-TodosWithCoreData.app"; sourceTree = BUILT_PRODUCTS_DIR; };
		97E0E498297E503D00125F60 /* TCA_TodosWithCoreDataApp.swift */ = {isa = PBXFileReference; lastKnownFileType = sourcecode.swift; path = TCA_TodosWithCoreDataApp.swift; sourceTree = "<group>"; };
		97E0E49C297E503E00125F60 /* Assets.xcassets */ = {isa = PBXFileReference; lastKnownFileType = folder.assetcatalog; path = Assets.xcassets; sourceTree = "<group>"; };
		97E0E49F297E503E00125F60 /* Preview Assets.xcassets */ = {isa = PBXFileReference; lastKnownFileType = folder.assetcatalog; path = "Preview Assets.xcassets"; sourceTree = "<group>"; };
		97E0E4A1297E503E00125F60 /* CoreData.swift */ = {isa = PBXFileReference; lastKnownFileType = sourcecode.swift; path = CoreData.swift; sourceTree = "<group>"; };
		97E0E4A4297E503E00125F60 /* TCA_TodosWithCoreData.xcdatamodel */ = {isa = PBXFileReference; lastKnownFileType = wrapper.xcdatamodel; path = TCA_TodosWithCoreData.xcdatamodel; sourceTree = "<group>"; };
		97E0E4AA297E503F00125F60 /* TCA-TodosWithCoreDataTests.xctest */ = {isa = PBXFileReference; explicitFileType = wrapper.cfbundle; includeInIndex = 0; path = "TCA-TodosWithCoreDataTests.xctest"; sourceTree = BUILT_PRODUCTS_DIR; };
		97E0E4AE297E503F00125F60 /* TCA_TodosWithCoreDataTests.swift */ = {isa = PBXFileReference; lastKnownFileType = sourcecode.swift; path = TCA_TodosWithCoreDataTests.swift; sourceTree = "<group>"; };
		97E0E4B4297E503F00125F60 /* TCA-TodosWithCoreDataUITests.xctest */ = {isa = PBXFileReference; explicitFileType = wrapper.cfbundle; includeInIndex = 0; path = "TCA-TodosWithCoreDataUITests.xctest"; sourceTree = BUILT_PRODUCTS_DIR; };
		97E0E4B8297E503F00125F60 /* TCA_TodosWithCoreDataUITests.swift */ = {isa = PBXFileReference; lastKnownFileType = sourcecode.swift; path = TCA_TodosWithCoreDataUITests.swift; sourceTree = "<group>"; };
		97E0E4BA297E503F00125F60 /* TCA_TodosWithCoreDataUITestsLaunchTests.swift */ = {isa = PBXFileReference; lastKnownFileType = sourcecode.swift; path = TCA_TodosWithCoreDataUITestsLaunchTests.swift; sourceTree = "<group>"; };
		97E0E4CA297E508400125F60 /* Todo.swift */ = {isa = PBXFileReference; lastKnownFileType = sourcecode.swift; path = Todo.swift; sourceTree = "<group>"; };
		97E0E4CC297E554F00125F60 /* Todos.swift */ = {isa = PBXFileReference; lastKnownFileType = sourcecode.swift; path = Todos.swift; sourceTree = "<group>"; };
		97E0E4D0297E7E7600125F60 /* AppView.swift */ = {isa = PBXFileReference; lastKnownFileType = sourcecode.swift; path = AppView.swift; sourceTree = "<group>"; };
		97E0E4D2297E82B900125F60 /* CoreDataProvider.swift */ = {isa = PBXFileReference; lastKnownFileType = sourcecode.swift; path = CoreDataProvider.swift; sourceTree = "<group>"; };
		97E0E4D5297ECB1F00125F60 /* TodoItem+instance.swift */ = {isa = PBXFileReference; lastKnownFileType = sourcecode.swift; path = "TodoItem+instance.swift"; sourceTree = "<group>"; };
		97E0E4D7297ECBA000125F60 /* TodoClient.swift */ = {isa = PBXFileReference; lastKnownFileType = sourcecode.swift; path = TodoClient.swift; sourceTree = "<group>"; };
/* End PBXFileReference section */

/* Begin PBXFrameworksBuildPhase section */
		97E0E492297E503D00125F60 /* Frameworks */ = {
			isa = PBXFrameworksBuildPhase;
			buildActionMask = 2147483647;
			files = (
				97E0E4C9297E506D00125F60 /* ComposableArchitecture in Frameworks */,
			);
			runOnlyForDeploymentPostprocessing = 0;
		};
		97E0E4A7297E503F00125F60 /* Frameworks */ = {
			isa = PBXFrameworksBuildPhase;
			buildActionMask = 2147483647;
			files = (
			);
			runOnlyForDeploymentPostprocessing = 0;
		};
		97E0E4B1297E503F00125F60 /* Frameworks */ = {
			isa = PBXFrameworksBuildPhase;
			buildActionMask = 2147483647;
			files = (
			);
			runOnlyForDeploymentPostprocessing = 0;
		};
/* End PBXFrameworksBuildPhase section */

/* Begin PBXGroup section */
		97E0E48C297E503D00125F60 = {
			isa = PBXGroup;
			children = (
				97E0E497297E503D00125F60 /* TCA-TodosWithCoreData */,
				97E0E4AD297E503F00125F60 /* TCA-TodosWithCoreDataTests */,
				97E0E4B7297E503F00125F60 /* TCA-TodosWithCoreDataUITests */,
				97E0E496297E503D00125F60 /* Products */,
			);
			sourceTree = "<group>";
		};
		97E0E496297E503D00125F60 /* Products */ = {
			isa = PBXGroup;
			children = (
				97E0E495297E503D00125F60 /* TCA-TodosWithCoreData.app */,
				97E0E4AA297E503F00125F60 /* TCA-TodosWithCoreDataTests.xctest */,
				97E0E4B4297E503F00125F60 /* TCA-TodosWithCoreDataUITests.xctest */,
			);
			name = Products;
			sourceTree = "<group>";
		};
		97E0E497297E503D00125F60 /* TCA-TodosWithCoreData */ = {
			isa = PBXGroup;
			children = (
				97E0E498297E503D00125F60 /* TCA_TodosWithCoreDataApp.swift */,
				97E0E4DA297ECC8C00125F60 /* Todos */,
				97E0E4D9297ECC6400125F60 /* Client */,
				97E0E4D4297ECAFC00125F60 /* CoreData */,
				97E0E4DB297ECCAE00125F60 /* Extension */,
				97E0E49C297E503E00125F60 /* Assets.xcassets */,
				97E0E49E297E503E00125F60 /* Preview Content */,
			);
			path = "TCA-TodosWithCoreData";
			sourceTree = "<group>";
		};
		97E0E49E297E503E00125F60 /* Preview Content */ = {
			isa = PBXGroup;
			children = (
				97E0E49F297E503E00125F60 /* Preview Assets.xcassets */,
			);
			path = "Preview Content";
			sourceTree = "<group>";
		};
		97E0E4AD297E503F00125F60 /* TCA-TodosWithCoreDataTests */ = {
			isa = PBXGroup;
			children = (
				97E0E4AE297E503F00125F60 /* TCA_TodosWithCoreDataTests.swift */,
			);
			path = "TCA-TodosWithCoreDataTests";
			sourceTree = "<group>";
		};
		97E0E4B7297E503F00125F60 /* TCA-TodosWithCoreDataUITests */ = {
			isa = PBXGroup;
			children = (
				97E0E4B8297E503F00125F60 /* TCA_TodosWithCoreDataUITests.swift */,
				97E0E4BA297E503F00125F60 /* TCA_TodosWithCoreDataUITestsLaunchTests.swift */,
			);
			path = "TCA-TodosWithCoreDataUITests";
			sourceTree = "<group>";
		};
		97E0E4D4297ECAFC00125F60 /* CoreData */ = {
			isa = PBXGroup;
			children = (
				97E0E4A1297E503E00125F60 /* CoreData.swift */,
				97E0E4D2297E82B900125F60 /* CoreDataProvider.swift */,
				97E0E4A3297E503E00125F60 /* TodoItem.xcdatamodeld */,
			);
			path = CoreData;
			sourceTree = "<group>";
		};
		97E0E4D9297ECC6400125F60 /* Client */ = {
			isa = PBXGroup;
			children = (
				97E0E4D7297ECBA000125F60 /* TodoClient.swift */,
			);
			path = Client;
			sourceTree = "<group>";
		};
		97E0E4DA297ECC8C00125F60 /* Todos */ = {
			isa = PBXGroup;
			children = (
				97E0E4CA297E508400125F60 /* Todo.swift */,
				97E0E4CC297E554F00125F60 /* Todos.swift */,
				97E0E4D0297E7E7600125F60 /* AppView.swift */,
			);
			path = Todos;
			sourceTree = "<group>";
		};
		97E0E4DB297ECCAE00125F60 /* Extension */ = {
			isa = PBXGroup;
			children = (
				97E0E4D5297ECB1F00125F60 /* TodoItem+instance.swift */,
			);
			path = Extension;
			sourceTree = "<group>";
		};
/* End PBXGroup section */

/* Begin PBXNativeTarget section */
		97E0E494297E503D00125F60 /* TCA-TodosWithCoreData */ = {
			isa = PBXNativeTarget;
			buildConfigurationList = 97E0E4BE297E503F00125F60 /* Build configuration list for PBXNativeTarget "TCA-TodosWithCoreData" */;
			buildPhases = (
				97E0E491297E503D00125F60 /* Sources */,
				97E0E492297E503D00125F60 /* Frameworks */,
				97E0E493297E503D00125F60 /* Resources */,
			);
			buildRules = (
			);
			dependencies = (
			);
			name = "TCA-TodosWithCoreData";
			packageProductDependencies = (
				97E0E4C8297E506D00125F60 /* ComposableArchitecture */,
			);
			productName = "TCA-TodosWithCoreData";
			productReference = 97E0E495297E503D00125F60 /* TCA-TodosWithCoreData.app */;
			productType = "com.apple.product-type.application";
		};
		97E0E4A9297E503F00125F60 /* TCA-TodosWithCoreDataTests */ = {
			isa = PBXNativeTarget;
			buildConfigurationList = 97E0E4C1297E503F00125F60 /* Build configuration list for PBXNativeTarget "TCA-TodosWithCoreDataTests" */;
			buildPhases = (
				97E0E4A6297E503F00125F60 /* Sources */,
				97E0E4A7297E503F00125F60 /* Frameworks */,
				97E0E4A8297E503F00125F60 /* Resources */,
			);
			buildRules = (
			);
			dependencies = (
				97E0E4AC297E503F00125F60 /* PBXTargetDependency */,
			);
			name = "TCA-TodosWithCoreDataTests";
			productName = "TCA-TodosWithCoreDataTests";
			productReference = 97E0E4AA297E503F00125F60 /* TCA-TodosWithCoreDataTests.xctest */;
			productType = "com.apple.product-type.bundle.unit-test";
		};
		97E0E4B3297E503F00125F60 /* TCA-TodosWithCoreDataUITests */ = {
			isa = PBXNativeTarget;
			buildConfigurationList = 97E0E4C4297E503F00125F60 /* Build configuration list for PBXNativeTarget "TCA-TodosWithCoreDataUITests" */;
			buildPhases = (
				97E0E4B0297E503F00125F60 /* Sources */,
				97E0E4B1297E503F00125F60 /* Frameworks */,
				97E0E4B2297E503F00125F60 /* Resources */,
			);
			buildRules = (
			);
			dependencies = (
				97E0E4B6297E503F00125F60 /* PBXTargetDependency */,
			);
			name = "TCA-TodosWithCoreDataUITests";
			productName = "TCA-TodosWithCoreDataUITests";
			productReference = 97E0E4B4297E503F00125F60 /* TCA-TodosWithCoreDataUITests.xctest */;
			productType = "com.apple.product-type.bundle.ui-testing";
		};
/* End PBXNativeTarget section */

/* Begin PBXProject section */
		97E0E48D297E503D00125F60 /* Project object */ = {
			isa = PBXProject;
			attributes = {
				BuildIndependentTargetsInParallel = 1;
				LastSwiftUpdateCheck = 1420;
				LastUpgradeCheck = 1420;
				TargetAttributes = {
					97E0E494297E503D00125F60 = {
						CreatedOnToolsVersion = 14.2;
					};
					97E0E4A9297E503F00125F60 = {
						CreatedOnToolsVersion = 14.2;
						TestTargetID = 97E0E494297E503D00125F60;
					};
					97E0E4B3297E503F00125F60 = {
						CreatedOnToolsVersion = 14.2;
						TestTargetID = 97E0E494297E503D00125F60;
					};
				};
			};
			buildConfigurationList = 97E0E490297E503D00125F60 /* Build configuration list for PBXProject "TCA-TodosWithCoreData" */;
			compatibilityVersion = "Xcode 14.0";
			developmentRegion = en;
			hasScannedForEncodings = 0;
			knownRegions = (
				en,
				Base,
			);
			mainGroup = 97E0E48C297E503D00125F60;
			packageReferences = (
				97E0E4C7297E506D00125F60 /* XCRemoteSwiftPackageReference "swift-composable-architecture" */,
			);
			productRefGroup = 97E0E496297E503D00125F60 /* Products */;
			projectDirPath = "";
			projectRoot = "";
			targets = (
				97E0E494297E503D00125F60 /* TCA-TodosWithCoreData */,
				97E0E4A9297E503F00125F60 /* TCA-TodosWithCoreDataTests */,
				97E0E4B3297E503F00125F60 /* TCA-TodosWithCoreDataUITests */,
			);
		};
/* End PBXProject section */

/* Begin PBXResourcesBuildPhase section */
		97E0E493297E503D00125F60 /* Resources */ = {
			isa = PBXResourcesBuildPhase;
			buildActionMask = 2147483647;
			files = (
				97E0E4A0297E503E00125F60 /* Preview Assets.xcassets in Resources */,
				97E0E49D297E503E00125F60 /* Assets.xcassets in Resources */,
			);
			runOnlyForDeploymentPostprocessing = 0;
		};
		97E0E4A8297E503F00125F60 /* Resources */ = {
			isa = PBXResourcesBuildPhase;
			buildActionMask = 2147483647;
			files = (
			);
			runOnlyForDeploymentPostprocessing = 0;
		};
		97E0E4B2297E503F00125F60 /* Resources */ = {
			isa = PBXResourcesBuildPhase;
			buildActionMask = 2147483647;
			files = (
			);
			runOnlyForDeploymentPostprocessing = 0;
		};
/* End PBXResourcesBuildPhase section */

/* Begin PBXSourcesBuildPhase section */
		97E0E491297E503D00125F60 /* Sources */ = {
			isa = PBXSourcesBuildPhase;
			buildActionMask = 2147483647;
			files = (
				97E0E4A2297E503E00125F60 /* CoreData.swift in Sources */,
				97E0E4A5297E503E00125F60 /* TodoItem.xcdatamodeld in Sources */,
				97E0E4D1297E7E7600125F60 /* AppView.swift in Sources */,
				97E0E4D3297E82B900125F60 /* CoreDataProvider.swift in Sources */,
				97E0E499297E503D00125F60 /* TCA_TodosWithCoreDataApp.swift in Sources */,
				97E0E4CB297E508400125F60 /* Todo.swift in Sources */,
				97E0E4D8297ECBA000125F60 /* TodoClient.swift in Sources */,
				97E0E4CD297E554F00125F60 /* Todos.swift in Sources */,
				97E0E4D6297ECB1F00125F60 /* TodoItem+instance.swift in Sources */,
			);
			runOnlyForDeploymentPostprocessing = 0;
		};
		97E0E4A6297E503F00125F60 /* Sources */ = {
			isa = PBXSourcesBuildPhase;
			buildActionMask = 2147483647;
			files = (
				97E0E4AF297E503F00125F60 /* TCA_TodosWithCoreDataTests.swift in Sources */,
			);
			runOnlyForDeploymentPostprocessing = 0;
		};
		97E0E4B0297E503F00125F60 /* Sources */ = {
			isa = PBXSourcesBuildPhase;
			buildActionMask = 2147483647;
			files = (
				97E0E4BB297E503F00125F60 /* TCA_TodosWithCoreDataUITestsLaunchTests.swift in Sources */,
				97E0E4B9297E503F00125F60 /* TCA_TodosWithCoreDataUITests.swift in Sources */,
			);
			runOnlyForDeploymentPostprocessing = 0;
		};
/* End PBXSourcesBuildPhase section */

/* Begin PBXTargetDependency section */
		97E0E4AC297E503F00125F60 /* PBXTargetDependency */ = {
			isa = PBXTargetDependency;
			target = 97E0E494297E503D00125F60 /* TCA-TodosWithCoreData */;
			targetProxy = 97E0E4AB297E503F00125F60 /* PBXContainerItemProxy */;
		};
		97E0E4B6297E503F00125F60 /* PBXTargetDependency */ = {
			isa = PBXTargetDependency;
			target = 97E0E494297E503D00125F60 /* TCA-TodosWithCoreData */;
			targetProxy = 97E0E4B5297E503F00125F60 /* PBXContainerItemProxy */;
		};
/* End PBXTargetDependency section */

/* Begin XCBuildConfiguration section */
		97E0E4BC297E503F00125F60 /* Debug */ = {
			isa = XCBuildConfiguration;
			buildSettings = {
				ALWAYS_SEARCH_USER_PATHS = NO;
				CLANG_ANALYZER_NONNULL = YES;
				CLANG_ANALYZER_NUMBER_OBJECT_CONVERSION = YES_AGGRESSIVE;
				CLANG_CXX_LANGUAGE_STANDARD = "gnu++20";
				CLANG_ENABLE_MODULES = YES;
				CLANG_ENABLE_OBJC_ARC = YES;
				CLANG_ENABLE_OBJC_WEAK = YES;
				CLANG_WARN_BLOCK_CAPTURE_AUTORELEASING = YES;
				CLANG_WARN_BOOL_CONVERSION = YES;
				CLANG_WARN_COMMA = YES;
				CLANG_WARN_CONSTANT_CONVERSION = YES;
				CLANG_WARN_DEPRECATED_OBJC_IMPLEMENTATIONS = YES;
				CLANG_WARN_DIRECT_OBJC_ISA_USAGE = YES_ERROR;
				CLANG_WARN_DOCUMENTATION_COMMENTS = YES;
				CLANG_WARN_EMPTY_BODY = YES;
				CLANG_WARN_ENUM_CONVERSION = YES;
				CLANG_WARN_INFINITE_RECURSION = YES;
				CLANG_WARN_INT_CONVERSION = YES;
				CLANG_WARN_NON_LITERAL_NULL_CONVERSION = YES;
				CLANG_WARN_OBJC_IMPLICIT_RETAIN_SELF = YES;
				CLANG_WARN_OBJC_LITERAL_CONVERSION = YES;
				CLANG_WARN_OBJC_ROOT_CLASS = YES_ERROR;
				CLANG_WARN_QUOTED_INCLUDE_IN_FRAMEWORK_HEADER = YES;
				CLANG_WARN_RANGE_LOOP_ANALYSIS = YES;
				CLANG_WARN_STRICT_PROTOTYPES = YES;
				CLANG_WARN_SUSPICIOUS_MOVE = YES;
				CLANG_WARN_UNGUARDED_AVAILABILITY = YES_AGGRESSIVE;
				CLANG_WARN_UNREACHABLE_CODE = YES;
				CLANG_WARN__DUPLICATE_METHOD_MATCH = YES;
				COPY_PHASE_STRIP = NO;
				DEBUG_INFORMATION_FORMAT = dwarf;
				ENABLE_STRICT_OBJC_MSGSEND = YES;
				ENABLE_TESTABILITY = YES;
				GCC_C_LANGUAGE_STANDARD = gnu11;
				GCC_DYNAMIC_NO_PIC = NO;
				GCC_NO_COMMON_BLOCKS = YES;
				GCC_OPTIMIZATION_LEVEL = 0;
				GCC_PREPROCESSOR_DEFINITIONS = (
					"DEBUG=1",
					"$(inherited)",
				);
				GCC_WARN_64_TO_32_BIT_CONVERSION = YES;
				GCC_WARN_ABOUT_RETURN_TYPE = YES_ERROR;
				GCC_WARN_UNDECLARED_SELECTOR = YES;
				GCC_WARN_UNINITIALIZED_AUTOS = YES_AGGRESSIVE;
				GCC_WARN_UNUSED_FUNCTION = YES;
				GCC_WARN_UNUSED_VARIABLE = YES;
				IPHONEOS_DEPLOYMENT_TARGET = 16.2;
				MTL_ENABLE_DEBUG_INFO = INCLUDE_SOURCE;
				MTL_FAST_MATH = YES;
				ONLY_ACTIVE_ARCH = YES;
				SDKROOT = iphoneos;
				SWIFT_ACTIVE_COMPILATION_CONDITIONS = DEBUG;
				SWIFT_OPTIMIZATION_LEVEL = "-Onone";
			};
			name = Debug;
		};
		97E0E4BD297E503F00125F60 /* Release */ = {
			isa = XCBuildConfiguration;
			buildSettings = {
				ALWAYS_SEARCH_USER_PATHS = NO;
				CLANG_ANALYZER_NONNULL = YES;
				CLANG_ANALYZER_NUMBER_OBJECT_CONVERSION = YES_AGGRESSIVE;
				CLANG_CXX_LANGUAGE_STANDARD = "gnu++20";
				CLANG_ENABLE_MODULES = YES;
				CLANG_ENABLE_OBJC_ARC = YES;
				CLANG_ENABLE_OBJC_WEAK = YES;
				CLANG_WARN_BLOCK_CAPTURE_AUTORELEASING = YES;
				CLANG_WARN_BOOL_CONVERSION = YES;
				CLANG_WARN_COMMA = YES;
				CLANG_WARN_CONSTANT_CONVERSION = YES;
				CLANG_WARN_DEPRECATED_OBJC_IMPLEMENTATIONS = YES;
				CLANG_WARN_DIRECT_OBJC_ISA_USAGE = YES_ERROR;
				CLANG_WARN_DOCUMENTATION_COMMENTS = YES;
				CLANG_WARN_EMPTY_BODY = YES;
				CLANG_WARN_ENUM_CONVERSION = YES;
				CLANG_WARN_INFINITE_RECURSION = YES;
				CLANG_WARN_INT_CONVERSION = YES;
				CLANG_WARN_NON_LITERAL_NULL_CONVERSION = YES;
				CLANG_WARN_OBJC_IMPLICIT_RETAIN_SELF = YES;
				CLANG_WARN_OBJC_LITERAL_CONVERSION = YES;
				CLANG_WARN_OBJC_ROOT_CLASS = YES_ERROR;
				CLANG_WARN_QUOTED_INCLUDE_IN_FRAMEWORK_HEADER = YES;
				CLANG_WARN_RANGE_LOOP_ANALYSIS = YES;
				CLANG_WARN_STRICT_PROTOTYPES = YES;
				CLANG_WARN_SUSPICIOUS_MOVE = YES;
				CLANG_WARN_UNGUARDED_AVAILABILITY = YES_AGGRESSIVE;
				CLANG_WARN_UNREACHABLE_CODE = YES;
				CLANG_WARN__DUPLICATE_METHOD_MATCH = YES;
				COPY_PHASE_STRIP = NO;
				DEBUG_INFORMATION_FORMAT = "dwarf-with-dsym";
				ENABLE_NS_ASSERTIONS = NO;
				ENABLE_STRICT_OBJC_MSGSEND = YES;
				GCC_C_LANGUAGE_STANDARD = gnu11;
				GCC_NO_COMMON_BLOCKS = YES;
				GCC_WARN_64_TO_32_BIT_CONVERSION = YES;
				GCC_WARN_ABOUT_RETURN_TYPE = YES_ERROR;
				GCC_WARN_UNDECLARED_SELECTOR = YES;
				GCC_WARN_UNINITIALIZED_AUTOS = YES_AGGRESSIVE;
				GCC_WARN_UNUSED_FUNCTION = YES;
				GCC_WARN_UNUSED_VARIABLE = YES;
				IPHONEOS_DEPLOYMENT_TARGET = 16.2;
				MTL_ENABLE_DEBUG_INFO = NO;
				MTL_FAST_MATH = YES;
				SDKROOT = iphoneos;
				SWIFT_COMPILATION_MODE = wholemodule;
				SWIFT_OPTIMIZATION_LEVEL = "-O";
				VALIDATE_PRODUCT = YES;
			};
			name = Release;
		};
		97E0E4BF297E503F00125F60 /* Debug */ = {
			isa = XCBuildConfiguration;
			buildSettings = {
				ASSETCATALOG_COMPILER_APPICON_NAME = AppIcon;
				ASSETCATALOG_COMPILER_GLOBAL_ACCENT_COLOR_NAME = AccentColor;
				CODE_SIGN_STYLE = Automatic;
				CURRENT_PROJECT_VERSION = 1;
				DEVELOPMENT_ASSET_PATHS = "\"TCA-TodosWithCoreData/Preview Content\"";
				DEVELOPMENT_TEAM = 2V4975L824;
				ENABLE_PREVIEWS = YES;
				GENERATE_INFOPLIST_FILE = YES;
				INFOPLIST_KEY_UIApplicationSceneManifest_Generation = YES;
				INFOPLIST_KEY_UIApplicationSupportsIndirectInputEvents = YES;
				INFOPLIST_KEY_UILaunchScreen_Generation = YES;
				INFOPLIST_KEY_UISupportedInterfaceOrientations_iPad = "UIInterfaceOrientationPortrait UIInterfaceOrientationPortraitUpsideDown UIInterfaceOrientationLandscapeLeft UIInterfaceOrientationLandscapeRight";
				INFOPLIST_KEY_UISupportedInterfaceOrientations_iPhone = "UIInterfaceOrientationPortrait UIInterfaceOrientationLandscapeLeft UIInterfaceOrientationLandscapeRight";
				LD_RUNPATH_SEARCH_PATHS = (
					"$(inherited)",
					"@executable_path/Frameworks",
				);
				MARKETING_VERSION = 1.0;
				PRODUCT_BUNDLE_IDENTIFIER = "jp.co.lilossa.TCA-TodosWithCoreData";
				PRODUCT_NAME = "$(TARGET_NAME)";
				SWIFT_EMIT_LOC_STRINGS = YES;
				SWIFT_VERSION = 5.0;
				TARGETED_DEVICE_FAMILY = "1,2";
			};
			name = Debug;
		};
		97E0E4C0297E503F00125F60 /* Release */ = {
			isa = XCBuildConfiguration;
			buildSettings = {
				ASSETCATALOG_COMPILER_APPICON_NAME = AppIcon;
				ASSETCATALOG_COMPILER_GLOBAL_ACCENT_COLOR_NAME = AccentColor;
				CODE_SIGN_STYLE = Automatic;
				CURRENT_PROJECT_VERSION = 1;
				DEVELOPMENT_ASSET_PATHS = "\"TCA-TodosWithCoreData/Preview Content\"";
				DEVELOPMENT_TEAM = 2V4975L824;
				ENABLE_PREVIEWS = YES;
				GENERATE_INFOPLIST_FILE = YES;
				INFOPLIST_KEY_UIApplicationSceneManifest_Generation = YES;
				INFOPLIST_KEY_UIApplicationSupportsIndirectInputEvents = YES;
				INFOPLIST_KEY_UILaunchScreen_Generation = YES;
				INFOPLIST_KEY_UISupportedInterfaceOrientations_iPad = "UIInterfaceOrientationPortrait UIInterfaceOrientationPortraitUpsideDown UIInterfaceOrientationLandscapeLeft UIInterfaceOrientationLandscapeRight";
				INFOPLIST_KEY_UISupportedInterfaceOrientations_iPhone = "UIInterfaceOrientationPortrait UIInterfaceOrientationLandscapeLeft UIInterfaceOrientationLandscapeRight";
				LD_RUNPATH_SEARCH_PATHS = (
					"$(inherited)",
					"@executable_path/Frameworks",
				);
				MARKETING_VERSION = 1.0;
				PRODUCT_BUNDLE_IDENTIFIER = "jp.co.lilossa.TCA-TodosWithCoreData";
				PRODUCT_NAME = "$(TARGET_NAME)";
				SWIFT_EMIT_LOC_STRINGS = YES;
				SWIFT_VERSION = 5.0;
				TARGETED_DEVICE_FAMILY = "1,2";
			};
			name = Release;
		};
		97E0E4C2297E503F00125F60 /* Debug */ = {
			isa = XCBuildConfiguration;
			buildSettings = {
				ALWAYS_EMBED_SWIFT_STANDARD_LIBRARIES = YES;
				BUNDLE_LOADER = "$(TEST_HOST)";
				CODE_SIGN_STYLE = Automatic;
				CURRENT_PROJECT_VERSION = 1;
				DEVELOPMENT_TEAM = 2V4975L824;
				GENERATE_INFOPLIST_FILE = YES;
				IPHONEOS_DEPLOYMENT_TARGET = 16.2;
				MARKETING_VERSION = 1.0;
				PRODUCT_BUNDLE_IDENTIFIER = "jp.co.lilossa.TCA-TodosWithCoreDataTests";
				PRODUCT_NAME = "$(TARGET_NAME)";
				SWIFT_EMIT_LOC_STRINGS = NO;
				SWIFT_VERSION = 5.0;
				TARGETED_DEVICE_FAMILY = "1,2";
				TEST_HOST = "$(BUILT_PRODUCTS_DIR)/TCA-TodosWithCoreData.app/$(BUNDLE_EXECUTABLE_FOLDER_PATH)/TCA-TodosWithCoreData";
			};
			name = Debug;
		};
		97E0E4C3297E503F00125F60 /* Release */ = {
			isa = XCBuildConfiguration;
			buildSettings = {
				ALWAYS_EMBED_SWIFT_STANDARD_LIBRARIES = YES;
				BUNDLE_LOADER = "$(TEST_HOST)";
				CODE_SIGN_STYLE = Automatic;
				CURRENT_PROJECT_VERSION = 1;
				DEVELOPMENT_TEAM = 2V4975L824;
				GENERATE_INFOPLIST_FILE = YES;
				IPHONEOS_DEPLOYMENT_TARGET = 16.2;
				MARKETING_VERSION = 1.0;
				PRODUCT_BUNDLE_IDENTIFIER = "jp.co.lilossa.TCA-TodosWithCoreDataTests";
				PRODUCT_NAME = "$(TARGET_NAME)";
				SWIFT_EMIT_LOC_STRINGS = NO;
				SWIFT_VERSION = 5.0;
				TARGETED_DEVICE_FAMILY = "1,2";
				TEST_HOST = "$(BUILT_PRODUCTS_DIR)/TCA-TodosWithCoreData.app/$(BUNDLE_EXECUTABLE_FOLDER_PATH)/TCA-TodosWithCoreData";
			};
			name = Release;
		};
		97E0E4C5297E503F00125F60 /* Debug */ = {
			isa = XCBuildConfiguration;
			buildSettings = {
				ALWAYS_EMBED_SWIFT_STANDARD_LIBRARIES = YES;
				CODE_SIGN_STYLE = Automatic;
				CURRENT_PROJECT_VERSION = 1;
				DEVELOPMENT_TEAM = 2V4975L824;
				GENERATE_INFOPLIST_FILE = YES;
				MARKETING_VERSION = 1.0;
				PRODUCT_BUNDLE_IDENTIFIER = "jp.co.lilossa.TCA-TodosWithCoreDataUITests";
				PRODUCT_NAME = "$(TARGET_NAME)";
				SWIFT_EMIT_LOC_STRINGS = NO;
				SWIFT_VERSION = 5.0;
				TARGETED_DEVICE_FAMILY = "1,2";
				TEST_TARGET_NAME = "TCA-TodosWithCoreData";
			};
			name = Debug;
		};
		97E0E4C6297E503F00125F60 /* Release */ = {
			isa = XCBuildConfiguration;
			buildSettings = {
				ALWAYS_EMBED_SWIFT_STANDARD_LIBRARIES = YES;
				CODE_SIGN_STYLE = Automatic;
				CURRENT_PROJECT_VERSION = 1;
				DEVELOPMENT_TEAM = 2V4975L824;
				GENERATE_INFOPLIST_FILE = YES;
				MARKETING_VERSION = 1.0;
				PRODUCT_BUNDLE_IDENTIFIER = "jp.co.lilossa.TCA-TodosWithCoreDataUITests";
				PRODUCT_NAME = "$(TARGET_NAME)";
				SWIFT_EMIT_LOC_STRINGS = NO;
				SWIFT_VERSION = 5.0;
				TARGETED_DEVICE_FAMILY = "1,2";
				TEST_TARGET_NAME = "TCA-TodosWithCoreData";
			};
			name = Release;
		};
/* End XCBuildConfiguration section */

/* Begin XCConfigurationList section */
		97E0E490297E503D00125F60 /* Build configuration list for PBXProject "TCA-TodosWithCoreData" */ = {
			isa = XCConfigurationList;
			buildConfigurations = (
				97E0E4BC297E503F00125F60 /* Debug */,
				97E0E4BD297E503F00125F60 /* Release */,
			);
			defaultConfigurationIsVisible = 0;
			defaultConfigurationName = Release;
		};
		97E0E4BE297E503F00125F60 /* Build configuration list for PBXNativeTarget "TCA-TodosWithCoreData" */ = {
			isa = XCConfigurationList;
			buildConfigurations = (
				97E0E4BF297E503F00125F60 /* Debug */,
				97E0E4C0297E503F00125F60 /* Release */,
			);
			defaultConfigurationIsVisible = 0;
			defaultConfigurationName = Release;
		};
		97E0E4C1297E503F00125F60 /* Build configuration list for PBXNativeTarget "TCA-TodosWithCoreDataTests" */ = {
			isa = XCConfigurationList;
			buildConfigurations = (
				97E0E4C2297E503F00125F60 /* Debug */,
				97E0E4C3297E503F00125F60 /* Release */,
			);
			defaultConfigurationIsVisible = 0;
			defaultConfigurationName = Release;
		};
		97E0E4C4297E503F00125F60 /* Build configuration list for PBXNativeTarget "TCA-TodosWithCoreDataUITests" */ = {
			isa = XCConfigurationList;
			buildConfigurations = (
				97E0E4C5297E503F00125F60 /* Debug */,
				97E0E4C6297E503F00125F60 /* Release */,
			);
			defaultConfigurationIsVisible = 0;
			defaultConfigurationName = Release;
		};
/* End XCConfigurationList section */

/* Begin XCRemoteSwiftPackageReference section */
		97E0E4C7297E506D00125F60 /* XCRemoteSwiftPackageReference "swift-composable-architecture" */ = {
			isa = XCRemoteSwiftPackageReference;
			repositoryURL = "https://github.com/pointfreeco/swift-composable-architecture";
			requirement = {
				kind = upToNextMajorVersion;
				minimumVersion = 0.9.0;
			};
		};
/* End XCRemoteSwiftPackageReference section */

/* Begin XCSwiftPackageProductDependency section */
		97E0E4C8297E506D00125F60 /* ComposableArchitecture */ = {
			isa = XCSwiftPackageProductDependency;
			package = 97E0E4C7297E506D00125F60 /* XCRemoteSwiftPackageReference "swift-composable-architecture" */;
			productName = ComposableArchitecture;
		};
/* End XCSwiftPackageProductDependency section */

/* Begin XCVersionGroup section */
		97E0E4A3297E503E00125F60 /* TodoItem.xcdatamodeld */ = {
			isa = XCVersionGroup;
			children = (
				97E0E4A4297E503E00125F60 /* TCA_TodosWithCoreData.xcdatamodel */,
			);
			currentVersion = 97E0E4A4297E503E00125F60 /* TCA_TodosWithCoreData.xcdatamodel */;
			path = TodoItem.xcdatamodeld;
			sourceTree = "<group>";
			versionGroupType = wrapper.xcdatamodel;
		};
/* End XCVersionGroup section */
	};
	rootObject = 97E0E48D297E503D00125F60 /* Project object */;
}
